// !$*UTF8*$!
{
	archiveVersion = 1;
	classes = {
	};
	objectVersion = 46;
	objects = {

/* Begin PBXBuildFile section */
		3F0EA1471D134AEF004B18DD /* CollectionViewCell.swift in Sources */ = {isa = PBXBuildFile; fileRef = 3F0EA1461D134AEF004B18DD /* CollectionViewCell.swift */; };
		3F0EA1491D13644F004B18DD /* DetailViewController.swift in Sources */ = {isa = PBXBuildFile; fileRef = 3F0EA1481D13644F004B18DD /* DetailViewController.swift */; };
		3F656D851D11980900CD025D /* AppDelegate.swift in Sources */ = {isa = PBXBuildFile; fileRef = 3F656D841D11980900CD025D /* AppDelegate.swift */; };
		3F656D8A1D11980900CD025D /* Main.storyboard in Resources */ = {isa = PBXBuildFile; fileRef = 3F656D881D11980900CD025D /* Main.storyboard */; };
		3F656D8C1D11980900CD025D /* Assets.xcassets in Resources */ = {isa = PBXBuildFile; fileRef = 3F656D8B1D11980900CD025D /* Assets.xcassets */; };
		3F656D8F1D11980900CD025D /* LaunchScreen.storyboard in Resources */ = {isa = PBXBuildFile; fileRef = 3F656D8D1D11980900CD025D /* LaunchScreen.storyboard */; };
		3F656D971D11983E00CD025D /* MoviesViewController.swift in Sources */ = {isa = PBXBuildFile; fileRef = 3F656D961D11983E00CD025D /* MoviesViewController.swift */; };
		3F656DB81D11FA3A00CD025D /* MoviesCell.swift in Sources */ = {isa = PBXBuildFile; fileRef = 3F656DB71D11FA3A00CD025D /* MoviesCell.swift */; };
		931745E74473F75F87078ACF /* Pods_flix.framework in Frameworks */ = {isa = PBXBuildFile; fileRef = F98CE8B6C5742667A848B68C /* Pods_flix.framework */; };
/* End PBXBuildFile section */

/* Begin PBXFileReference section */
		185D53BCD2C1F5E647F34A22 /* Pods-flix.release.xcconfig */ = {isa = PBXFileReference; includeInIndex = 1; lastKnownFileType = text.xcconfig; name = "Pods-flix.release.xcconfig"; path = "Pods/Target Support Files/Pods-flix/Pods-flix.release.xcconfig"; sourceTree = "<group>"; };
		3F0EA1461D134AEF004B18DD /* CollectionViewCell.swift */ = {isa = PBXFileReference; fileEncoding = 4; lastKnownFileType = sourcecode.swift; path = CollectionViewCell.swift; sourceTree = "<group>"; };
		3F0EA1481D13644F004B18DD /* DetailViewController.swift */ = {isa = PBXFileReference; fileEncoding = 4; lastKnownFileType = sourcecode.swift; path = DetailViewController.swift; sourceTree = "<group>"; };
		3F656D811D11980900CD025D /* flix.app */ = {isa = PBXFileReference; explicitFileType = wrapper.application; includeInIndex = 0; path = flix.app; sourceTree = BUILT_PRODUCTS_DIR; };
		3F656D841D11980900CD025D /* AppDelegate.swift */ = {isa = PBXFileReference; lastKnownFileType = sourcecode.swift; path = AppDelegate.swift; sourceTree = "<group>"; };
		3F656D891D11980900CD025D /* Base */ = {isa = PBXFileReference; lastKnownFileType = file.storyboard; name = Base; path = Base.lproj/Main.storyboard; sourceTree = "<group>"; };
		3F656D8B1D11980900CD025D /* Assets.xcassets */ = {isa = PBXFileReference; lastKnownFileType = folder.assetcatalog; path = Assets.xcassets; sourceTree = "<group>"; };
		3F656D8E1D11980900CD025D /* Base */ = {isa = PBXFileReference; lastKnownFileType = file.storyboard; name = Base; path = Base.lproj/LaunchScreen.storyboard; sourceTree = "<group>"; };
		3F656D901D11980900CD025D /* Info.plist */ = {isa = PBXFileReference; lastKnownFileType = text.plist.xml; path = Info.plist; sourceTree = "<group>"; };
		3F656D961D11983E00CD025D /* MoviesViewController.swift */ = {isa = PBXFileReference; fileEncoding = 4; lastKnownFileType = sourcecode.swift; path = MoviesViewController.swift; sourceTree = "<group>"; };
		3F656DB71D11FA3A00CD025D /* MoviesCell.swift */ = {isa = PBXFileReference; fileEncoding = 4; lastKnownFileType = sourcecode.swift; path = MoviesCell.swift; sourceTree = "<group>"; };
		F668E09B64FA447D7A32F476 /* Pods-flix.debug.xcconfig */ = {isa = PBXFileReference; includeInIndex = 1; lastKnownFileType = text.xcconfig; name = "Pods-flix.debug.xcconfig"; path = "Pods/Target Support Files/Pods-flix/Pods-flix.debug.xcconfig"; sourceTree = "<group>"; };
		F98CE8B6C5742667A848B68C /* Pods_flix.framework */ = {isa = PBXFileReference; explicitFileType = wrapper.framework; includeInIndex = 0; path = Pods_flix.framework; sourceTree = BUILT_PRODUCTS_DIR; };
/* End PBXFileReference section */

/* Begin PBXFrameworksBuildPhase section */
		3F656D7E1D11980900CD025D /* Frameworks */ = {
			isa = PBXFrameworksBuildPhase;
			buildActionMask = 2147483647;
			files = (
				931745E74473F75F87078ACF /* Pods_flix.framework in Frameworks */,
			);
			runOnlyForDeploymentPostprocessing = 0;
		};
/* End PBXFrameworksBuildPhase section */

/* Begin PBXGroup section */
		07DA8FE01A2739D4BB0E4AC3 /* Pods */ = {
			isa = PBXGroup;
			children = (
				F668E09B64FA447D7A32F476 /* Pods-flix.debug.xcconfig */,
				185D53BCD2C1F5E647F34A22 /* Pods-flix.release.xcconfig */,
			);
			name = Pods;
			sourceTree = "<group>";
		};
		3F656D781D11980900CD025D = {
			isa = PBXGroup;
			children = (
				3F656D831D11980900CD025D /* flix */,
				3F656D821D11980900CD025D /* Products */,
				07DA8FE01A2739D4BB0E4AC3 /* Pods */,
				F46FF48B9A29D9BF92DAF8D8 /* Frameworks */,
			);
			sourceTree = "<group>";
		};
		3F656D821D11980900CD025D /* Products */ = {
			isa = PBXGroup;
			children = (
				3F656D811D11980900CD025D /* flix.app */,
			);
			name = Products;
			sourceTree = "<group>";
		};
		3F656D831D11980900CD025D /* flix */ = {
			isa = PBXGroup;
			children = (
				3F656DB91D11FA4700CD025D /* view controller */,
				3F656DB61D11F9F700CD025D /* Views */,
				3F656D841D11980900CD025D /* AppDelegate.swift */,
				3F656D881D11980900CD025D /* Main.storyboard */,
				3F656D8B1D11980900CD025D /* Assets.xcassets */,
				3F656D8D1D11980900CD025D /* LaunchScreen.storyboard */,
				3F656D901D11980900CD025D /* Info.plist */,
			);
			path = flix;
			sourceTree = "<group>";
		};
		3F656DB61D11F9F700CD025D /* Views */ = {
			isa = PBXGroup;
			children = (
				3F0EA1461D134AEF004B18DD /* CollectionViewCell.swift */,
				3F656DB71D11FA3A00CD025D /* MoviesCell.swift */,
			);
			name = Views;
			sourceTree = "<group>";
		};
		3F656DB91D11FA4700CD025D /* view controller */ = {
			isa = PBXGroup;
			children = (
				3F656D961D11983E00CD025D /* MoviesViewController.swift */,
				3F0EA1481D13644F004B18DD /* DetailViewController.swift */,
			);
			name = "view controller";
			sourceTree = "<group>";
		};
		F46FF48B9A29D9BF92DAF8D8 /* Frameworks */ = {
			isa = PBXGroup;
			children = (
				F98CE8B6C5742667A848B68C /* Pods_flix.framework */,
			);
			name = Frameworks;
			sourceTree = "<group>";
		};
/* End PBXGroup section */

/* Begin PBXNativeTarget section */
		3F656D801D11980900CD025D /* flix */ = {
			isa = PBXNativeTarget;
			buildConfigurationList = 3F656D931D11980900CD025D /* Build configuration list for PBXNativeTarget "flix" */;
			buildPhases = (
				A04620A11D4A20DBD7F88E49 /* [CP] Check Pods Manifest.lock */,
				3F656D7D1D11980900CD025D /* Sources */,
				3F656D7E1D11980900CD025D /* Frameworks */,
				3F656D7F1D11980900CD025D /* Resources */,
				BDA7419DB8617EF77F2E33DB /* [CP] Embed Pods Frameworks */,
				1A5F13461417B7D7992E93FD /* [CP] Copy Pods Resources */,
			);
			buildRules = (
			);
			dependencies = (
			);
			name = flix;
			productName = flix;
			productReference = 3F656D811D11980900CD025D /* flix.app */;
			productType = "com.apple.product-type.application";
		};
/* End PBXNativeTarget section */

/* Begin PBXProject section */
		3F656D791D11980900CD025D /* Project object */ = {
			isa = PBXProject;
			attributes = {
				LastSwiftUpdateCheck = 0730;
				LastUpgradeCheck = 0730;
				ORGANIZATIONNAME = "Aanya Alwani";
				TargetAttributes = {
					3F656D801D11980900CD025D = {
						CreatedOnToolsVersion = 7.3.1;
					};
				};
			};
			buildConfigurationList = 3F656D7C1D11980900CD025D /* Build configuration list for PBXProject "flix" */;
			compatibilityVersion = "Xcode 3.2";
			developmentRegion = English;
			hasScannedForEncodings = 0;
			knownRegions = (
				en,
				Base,
			);
			mainGroup = 3F656D781D11980900CD025D;
			productRefGroup = 3F656D821D11980900CD025D /* Products */;
			projectDirPath = "";
			projectRoot = "";
			targets = (
				3F656D801D11980900CD025D /* flix */,
			);
		};
/* End PBXProject section */

/* Begin PBXResourcesBuildPhase section */
		3F656D7F1D11980900CD025D /* Resources */ = {
			isa = PBXResourcesBuildPhase;
			buildActionMask = 2147483647;
			files = (
				3F656D8F1D11980900CD025D /* LaunchScreen.storyboard in Resources */,
				3F656D8C1D11980900CD025D /* Assets.xcassets in Resources */,
				3F656D8A1D11980900CD025D /* Main.storyboard in Resources */,
			);
			runOnlyForDeploymentPostprocessing = 0;
		};
/* End PBXResourcesBuildPhase section */

/* Begin PBXShellScriptBuildPhase section */
		1A5F13461417B7D7992E93FD /* [CP] Copy Pods Resources */ = {
			isa = PBXShellScriptBuildPhase;
			buildActionMask = 2147483647;
			files = (
			);
			inputPaths = (
			);
			name = "[CP] Copy Pods Resources";
			outputPaths = (
			);
			runOnlyForDeploymentPostprocessing = 0;
			shellPath = /bin/sh;
			shellScript = "\"${SRCROOT}/Pods/Target Support Files/Pods-flix/Pods-flix-resources.sh\"\n";
			showEnvVarsInLog = 0;
		};
		A04620A11D4A20DBD7F88E49 /* [CP] Check Pods Manifest.lock */ = {
			isa = PBXShellScriptBuildPhase;
			buildActionMask = 2147483647;
			files = (
			);
			inputPaths = (
			);
			name = "[CP] Check Pods Manifest.lock";
			outputPaths = (
			);
			runOnlyForDeploymentPostprocessing = 0;
			shellPath = /bin/sh;
			shellScript = "diff \"${PODS_ROOT}/../Podfile.lock\" \"${PODS_ROOT}/Manifest.lock\" > /dev/null\nif [[ $? != 0 ]] ; then\n    cat << EOM\nerror: The sandbox is not in sync with the Podfile.lock. Run 'pod install' or update your CocoaPods installation.\nEOM\n    exit 1\nfi\n";
			showEnvVarsInLog = 0;
		};
		BDA7419DB8617EF77F2E33DB /* [CP] Embed Pods Frameworks */ = {
			isa = PBXShellScriptBuildPhase;
			buildActionMask = 2147483647;
			files = (
			);
			inputPaths = (
			);
			name = "[CP] Embed Pods Frameworks";
			outputPaths = (
			);
			runOnlyForDeploymentPostprocessing = 0;
			shellPath = /bin/sh;
			shellScript = "\"${SRCROOT}/Pods/Target Support Files/Pods-flix/Pods-flix-frameworks.sh\"\n";
			showEnvVarsInLog = 0;
		};
/* End PBXShellScriptBuildPhase section */

/* Begin PBXSourcesBuildPhase section */
		3F656D7D1D11980900CD025D /* Sources */ = {
			isa = PBXSourcesBuildPhase;
			buildActionMask = 2147483647;
			files = (
				3F656D851D11980900CD025D /* AppDelegate.swift in Sources */,
				3F656DB81D11FA3A00CD025D /* MoviesCell.swift in Sources */,
				3F0EA1491D13644F004B18DD /* DetailViewController.swift in Sources */,
				3F0EA1471D134AEF004B18DD /* CollectionViewCell.swift in Sources */,
				3F656D971D11983E00CD025D /* MoviesViewController.swift in Sources */,
			);
			runOnlyForDeploymentPostprocessing = 0;
		};
/* End PBXSourcesBuildPhase section */

/* Begin PBXVariantGroup section */
		3F656D881D11980900CD025D /* Main.storyboard */ = {
			isa = PBXVariantGroup;
			children = (
				3F656D891D11980900CD025D /* Base */,
			);
			name = Main.storyboard;
			sourceTree = "<group>";
		};
		3F656D8D1D11980900CD025D /* LaunchScreen.storyboard */ = {
			isa = PBXVariantGroup;
			children = (
				3F656D8E1D11980900CD025D /* Base */,
			);
			name = LaunchScreen.storyboard;
			sourceTree = "<group>";
		};
/* End PBXVariantGroup section */

/* Begin XCBuildConfiguration section */
		3F656D911D11980900CD025D /* Debug */ = {
			isa = XCBuildConfiguration;
			buildSettings = {
				ALWAYS_SEARCH_USER_PATHS = NO;
				CLANG_ANALYZER_NONNULL = YES;
				CLANG_CXX_LANGUAGE_STANDARD = "gnu++0x";
				CLANG_CXX_LIBRARY = "libc++";
				CLANG_ENABLE_MODULES = YES;
				CLANG_ENABLE_OBJC_ARC = YES;
				CLANG_WARN_BOOL_CONVERSION = YES;
				CLANG_WARN_CONSTANT_CONVERSION = YES;
				CLANG_WARN_DIRECT_OBJC_ISA_USAGE = YES_ERROR;
				CLANG_WARN_EMPTY_BODY = YES;
				CLANG_WARN_ENUM_CONVERSION = YES;
				CLANG_WARN_INT_CONVERSION = YES;
				CLANG_WARN_OBJC_ROOT_CLASS = YES_ERROR;
				CLANG_WARN_UNREACHABLE_CODE = YES;
				CLANG_WARN__DUPLICATE_METHOD_MATCH = YES;
				"CODE_SIGN_IDENTITY[sdk=iphoneos*]" = "iPhone Developer";
				COPY_PHASE_STRIP = NO;
				DEBUG_INFORMATION_FORMAT = dwarf;
				ENABLE_STRICT_OBJC_MSGSEND = YES;
				ENABLE_TESTABILITY = YES;
				GCC_C_LANGUAGE_STANDARD = gnu99;
				GCC_DYNAMIC_NO_PIC = NO;
				GCC_NO_COMMON_BLOCKS = YES;
				GCC_OPTIMIZATION_LEVEL = 0;
				GCC_PREPROCESSOR_DEFINITIONS = (
					"DEBUG=1",
					"$(inherited)",
				);
				GCC_WARN_64_TO_32_BIT_CONVERSION = YES;
				GCC_WARN_ABOUT_RETURN_TYPE = YES_ERROR;
				GCC_WARN_UNDECLARED_SELECTOR = YES;
				GCC_WARN_UNINITIALIZED_AUTOS = YES_AGGRESSIVE;
				GCC_WARN_UNUSED_FUNCTION = YES;
				GCC_WARN_UNUSED_VARIABLE = YES;
				IPHONEOS_DEPLOYMENT_TARGET = 9.3;
				MTL_ENABLE_DEBUG_INFO = YES;
				ONLY_ACTIVE_ARCH = YES;
				SDKROOT = iphoneos;
				SWIFT_OPTIMIZATION_LEVEL = "-Onone";
			};
			name = Debug;
		};
		3F656D921D11980900CD025D /* Release */ = {
			isa = XCBuildConfiguration;
			buildSettings = {
				ALWAYS_SEARCH_USER_PATHS = NO;
				CLANG_ANALYZER_NONNULL = YES;
				CLANG_CXX_LANGUAGE_STANDARD = "gnu++0x";
				CLANG_CXX_LIBRARY = "libc++";
				CLANG_ENABLE_MODULES = YES;
				CLANG_ENABLE_OBJC_ARC = YES;
				CLANG_WARN_BOOL_CONVERSION = YES;
				CLANG_WARN_CONSTANT_CONVERSION = YES;
				CLANG_WARN_DIRECT_OBJC_ISA_USAGE = YES_ERROR;
				CLANG_WARN_EMPTY_BODY = YES;
				CLANG_WARN_ENUM_CONVERSION = YES;
				CLANG_WARN_INT_CONVERSION = YES;
				CLANG_WARN_OBJC_ROOT_CLASS = YES_ERROR;
				CLANG_WARN_UNREACHABLE_CODE = YES;
				CLANG_WARN__DUPLICATE_METHOD_MATCH = YES;
				"CODE_SIGN_IDENTITY[sdk=iphoneos*]" = "iPhone Developer";
				COPY_PHASE_STRIP = NO;
				DEBUG_INFORMATION_FORMAT = "dwarf-with-dsym";
				ENABLE_NS_ASSERTIONS = NO;
				ENABLE_STRICT_OBJC_MSGSEND = YES;
				GCC_C_LANGUAGE_STANDARD = gnu99;
				GCC_NO_COMMON_BLOCKS = YES;
				GCC_WARN_64_TO_32_BIT_CONVERSION = YES;
				GCC_WARN_ABOUT_RETURN_TYPE = YES_ERROR;
				GCC_WARN_UNDECLARED_SELECTOR = YES;
				GCC_WARN_UNINITIALIZED_AUTOS = YES_AGGRESSIVE;
				GCC_WARN_UNUSED_FUNCTION = YES;
				GCC_WARN_UNUSED_VARIABLE = YES;
				IPHONEOS_DEPLOYMENT_TARGET = 9.3;
				MTL_ENABLE_DEBUG_INFO = NO;
				SDKROOT = iphoneos;
				VALIDATE_PRODUCT = YES;
			};
			name = Release;
		};
		3F656D941D11980900CD025D /* Debug */ = {
			isa = XCBuildConfiguration;
			baseConfigurationReference = F668E09B64FA447D7A32F476 /* Pods-flix.debug.xcconfig */;
			buildSettings = {
				ASSETCATALOG_COMPILER_APPICON_NAME = AppIcon;
				INFOPLIST_FILE = flix/Info.plist;
				LD_RUNPATH_SEARCH_PATHS = "$(inherited) @executable_path/Frameworks";
				PRODUCT_BUNDLE_IDENTIFIER = com.codepath.flix;
				PRODUCT_NAME = "$(TARGET_NAME)";
			};
			name = Debug;
		};
		3F656D951D11980900CD025D /* Release */ = {
			isa = XCBuildConfiguration;
			baseConfigurationReference = 185D53BCD2C1F5E647F34A22 /* Pods-flix.release.xcconfig */;
			buildSettings = {
				ASSETCATALOG_COMPILER_APPICON_NAME = AppIcon;
				INFOPLIST_FILE = flix/Info.plist;
				LD_RUNPATH_SEARCH_PATHS = "$(inherited) @executable_path/Frameworks";
				PRODUCT_BUNDLE_IDENTIFIER = com.codepath.flix;
				PRODUCT_NAME = "$(TARGET_NAME)";
			};
			name = Release;
		};
/* End XCBuildConfiguration section */

/* Begin XCConfigurationList section */
		3F656D7C1D11980900CD025D /* Build configuration list for PBXProject "flix" */ = {
			isa = XCConfigurationList;
			buildConfigurations = (
				3F656D911D11980900CD025D /* Debug */,
				3F656D921D11980900CD025D /* Release */,
			);
			defaultConfigurationIsVisible = 0;
			defaultConfigurationName = Release;
		};
		3F656D931D11980900CD025D /* Build configuration list for PBXNativeTarget "flix" */ = {
			isa = XCConfigurationList;
			buildConfigurations = (
				3F656D941D11980900CD025D /* Debug */,
				3F656D951D11980900CD025D /* Release */,
			);
			defaultConfigurationIsVisible = 0;
			defaultConfigurationName = Release;
		};
/* End XCConfigurationList section */
	};
	rootObject = 3F656D791D11980900CD025D /* Project object */;
}
